
Microsoft Visual Studio Solution File, Format Version 12.00
# Visual Studio Version 17
VisualStudioVersion = 17.9.34723.18
MinimumVisualStudioVersion = 10.0.40219.1
Project("{FAE04EC0-301F-11D3-BF4B-00C04F79EFBC}") = "TheFirm", "TheFirm\TheFirm.csproj", "{726F2071-B6DA-4DBF-A0F4-B83406555D92}"
EndProject
Global
	GlobalSection(SolutionConfigurationPlatforms) = preSolution
		Debug|Any CPU = Debug|Any CPU
		Release|Any CPU = Release|Any CPU
	EndGlobalSection
	GlobalSection(ProjectConfigurationPlatforms) = postSolution
		{726F2071-B6DA-4DBF-A0F4-B83406555D92}.Debug|Any CPU.ActiveCfg = Debug|Any CPU
		{726F2071-B6DA-4DBF-A0F4-B83406555D92}.Debug|Any CPU.Build.0 = Debug|Any CPU
		{726F2071-B6DA-4DBF-A0F4-B83406555D92}.Release|Any CPU.ActiveCfg = Release|Any CPU
		{726F2071-B6DA-4DBF-A0F4-B83406555D92}.Release|Any CPU.Build.0 = Release|Any CPU
	EndGlobalSection
	GlobalSection(SolutionProperties) = preSolution
		HideSolutionNode = FALSE
	EndGlobalSection
	GlobalSection(ExtensibilityGlobals) = postSolution
		SolutionGuid = {A9B509A4-B24B-4D38-A4FC-51F232B50488}
	EndGlobalSection
EndGlobal
