
Microsoft Visual Studio Solution File, Format Version 12.00
# Visual Studio Version 17
VisualStudioVersion = 17.9.34723.18
MinimumVisualStudioVersion = 10.0.40219.1
Project("{FAE04EC0-301F-11D3-BF4B-00C04F79EFBC}") = "Nullbaar", "Nullbaar\Nullbaar.csproj", "{BFA6439F-965D-4170-B06E-2405874E6462}"
EndProject
Project("{FAE04EC0-301F-11D3-BF4B-00C04F79EFBC}") = "HetGebouw", "HetGebouw\HetGebouw.csproj", "{C58F8F74-7DE7-4002-9EC4-B461B5963786}"
EndProject
Project("{FAE04EC0-301F-11D3-BF4B-00C04F79EFBC}") = "AdvStatics", "AdvStatics\AdvStatics.csproj", "{D0597796-0BB4-4B56-87E5-C597D23EBF77}"
EndProject
Global
	GlobalSection(SolutionConfigurationPlatforms) = preSolution
		Debug|Any CPU = Debug|Any CPU
		Release|Any CPU = Release|Any CPU
	EndGlobalSection
	GlobalSection(ProjectConfigurationPlatforms) = postSolution
		{BFA6439F-965D-4170-B06E-2405874E6462}.Debug|Any CPU.ActiveCfg = Debug|Any CPU
		{BFA6439F-965D-4170-B06E-2405874E6462}.Debug|Any CPU.Build.0 = Debug|Any CPU
		{BFA6439F-965D-4170-B06E-2405874E6462}.Release|Any CPU.ActiveCfg = Release|Any CPU
		{BFA6439F-965D-4170-B06E-2405874E6462}.Release|Any CPU.Build.0 = Release|Any CPU
		{C58F8F74-7DE7-4002-9EC4-B461B5963786}.Debug|Any CPU.ActiveCfg = Debug|Any CPU
		{C58F8F74-7DE7-4002-9EC4-B461B5963786}.Debug|Any CPU.Build.0 = Debug|Any CPU
		{C58F8F74-7DE7-4002-9EC4-B461B5963786}.Release|Any CPU.ActiveCfg = Release|Any CPU
		{C58F8F74-7DE7-4002-9EC4-B461B5963786}.Release|Any CPU.Build.0 = Release|Any CPU
		{D0597796-0BB4-4B56-87E5-C597D23EBF77}.Debug|Any CPU.ActiveCfg = Debug|Any CPU
		{D0597796-0BB4-4B56-87E5-C597D23EBF77}.Debug|Any CPU.Build.0 = Debug|Any CPU
		{D0597796-0BB4-4B56-87E5-C597D23EBF77}.Release|Any CPU.ActiveCfg = Release|Any CPU
		{D0597796-0BB4-4B56-87E5-C597D23EBF77}.Release|Any CPU.Build.0 = Release|Any CPU
	EndGlobalSection
	GlobalSection(SolutionProperties) = preSolution
		HideSolutionNode = FALSE
	EndGlobalSection
	GlobalSection(ExtensibilityGlobals) = postSolution
		SolutionGuid = {BCDFDF17-8C3E-4618-B1DC-ECB8F7E84212}
	EndGlobalSection
EndGlobal
