
Microsoft Visual Studio Solution File, Format Version 12.00
# Visual Studio Version 17
VisualStudioVersion = 17.9.34723.18
MinimumVisualStudioVersion = 10.0.40219.1
Project("{FAE04EC0-301F-11D3-BF4B-00C04F79EFBC}") = "DeWereld", "DeWereld\DeWereld.csproj", "{CDD88EA3-6590-46B7-8D9E-2835D1A07BE4}"
EndProject
Project("{FAE04EC0-301F-11D3-BF4B-00C04F79EFBC}") = "AnderType", "AnderType\AnderType.csproj", "{AE9A25CC-F238-4A45-B808-569A85EB70C4}"
EndProject
Global
	GlobalSection(SolutionConfigurationPlatforms) = preSolution
		Debug|Any CPU = Debug|Any CPU
		Release|Any CPU = Release|Any CPU
	EndGlobalSection
	GlobalSection(ProjectConfigurationPlatforms) = postSolution
		{CDD88EA3-6590-46B7-8D9E-2835D1A07BE4}.Debug|Any CPU.ActiveCfg = Debug|Any CPU
		{CDD88EA3-6590-46B7-8D9E-2835D1A07BE4}.Debug|Any CPU.Build.0 = Debug|Any CPU
		{CDD88EA3-6590-46B7-8D9E-2835D1A07BE4}.Release|Any CPU.ActiveCfg = Release|Any CPU
		{CDD88EA3-6590-46B7-8D9E-2835D1A07BE4}.Release|Any CPU.Build.0 = Release|Any CPU
		{AE9A25CC-F238-4A45-B808-569A85EB70C4}.Debug|Any CPU.ActiveCfg = Debug|Any CPU
		{AE9A25CC-F238-4A45-B808-569A85EB70C4}.Debug|Any CPU.Build.0 = Debug|Any CPU
		{AE9A25CC-F238-4A45-B808-569A85EB70C4}.Release|Any CPU.ActiveCfg = Release|Any CPU
		{AE9A25CC-F238-4A45-B808-569A85EB70C4}.Release|Any CPU.Build.0 = Release|Any CPU
	EndGlobalSection
	GlobalSection(SolutionProperties) = preSolution
		HideSolutionNode = FALSE
	EndGlobalSection
	GlobalSection(ExtensibilityGlobals) = postSolution
		SolutionGuid = {88C1FF37-0184-4FF3-AF92-84B30FBA6AA5}
	EndGlobalSection
EndGlobal
